// !$*UTF8*$!
{
	archiveVersion = 1;
	classes = {
	};
	objectVersion = 46;
	objects = {

/* Begin PBXBuildFile section */
		4926C6B319B36C7F00F769CF /* BetVictor.xcdatamodeld in Sources */ = {isa = PBXBuildFile; fileRef = 4926C6B119B36C7F00F769CF /* BetVictor.xcdatamodeld */; };
		4926C6C619B38CFC00F769CF /* DataPreloaderUtility.sqlite in Resources */ = {isa = PBXBuildFile; fileRef = 4926C6C519B38CFC00F769CF /* DataPreloaderUtility.sqlite */; };
		4926C6CA19B38E8400F769CF /* CoreDataManager.m in Sources */ = {isa = PBXBuildFile; fileRef = 4926C6C919B38E8400F769CF /* CoreDataManager.m */; };
		4926C6CC19B38ED900F769CF /* CoreData.framework in Frameworks */ = {isa = PBXBuildFile; fileRef = 4926C6CB19B38ED900F769CF /* CoreData.framework */; };
		4926C6CF19B3904800F769CF /* Image.m in Sources */ = {isa = PBXBuildFile; fileRef = 4926C6CE19B3904800F769CF /* Image.m */; };
		4926C6D219B398E400F769CF /* map@2x.png in Resources */ = {isa = PBXBuildFile; fileRef = 4926C6D019B398E400F769CF /* map@2x.png */; };
		4926C6D319B398E400F769CF /* user@2x.png in Resources */ = {isa = PBXBuildFile; fileRef = 4926C6D119B398E400F769CF /* user@2x.png */; };
		493E87D419B228E600647553 /* Foundation.framework in Frameworks */ = {isa = PBXBuildFile; fileRef = 493E87D319B228E600647553 /* Foundation.framework */; };
		493E87D619B228E600647553 /* CoreGraphics.framework in Frameworks */ = {isa = PBXBuildFile; fileRef = 493E87D519B228E600647553 /* CoreGraphics.framework */; };
		493E87D819B228E600647553 /* UIKit.framework in Frameworks */ = {isa = PBXBuildFile; fileRef = 493E87D719B228E600647553 /* UIKit.framework */; };
		493E87DE19B228E600647553 /* InfoPlist.strings in Resources */ = {isa = PBXBuildFile; fileRef = 493E87DC19B228E600647553 /* InfoPlist.strings */; };
		493E87E019B228E600647553 /* main.m in Sources */ = {isa = PBXBuildFile; fileRef = 493E87DF19B228E600647553 /* main.m */; };
		493E87E419B228E600647553 /* AppDelegate.m in Sources */ = {isa = PBXBuildFile; fileRef = 493E87E319B228E600647553 /* AppDelegate.m */; };
		493E87E719B228E600647553 /* Main.storyboard in Resources */ = {isa = PBXBuildFile; fileRef = 493E87E519B228E600647553 /* Main.storyboard */; };
		493E87EA19B228E600647553 /* MainViewController.m in Sources */ = {isa = PBXBuildFile; fileRef = 493E87E919B228E600647553 /* MainViewController.m */; };
		493E87EC19B228E600647553 /* Images.xcassets in Resources */ = {isa = PBXBuildFile; fileRef = 493E87EB19B228E600647553 /* Images.xcassets */; };
		493E87F319B228E600647553 /* XCTest.framework in Frameworks */ = {isa = PBXBuildFile; fileRef = 493E87F219B228E600647553 /* XCTest.framework */; };
		493E87F419B228E600647553 /* Foundation.framework in Frameworks */ = {isa = PBXBuildFile; fileRef = 493E87D319B228E600647553 /* Foundation.framework */; };
		493E87F519B228E600647553 /* UIKit.framework in Frameworks */ = {isa = PBXBuildFile; fileRef = 493E87D719B228E600647553 /* UIKit.framework */; };
		493E87FD19B228E600647553 /* InfoPlist.strings in Resources */ = {isa = PBXBuildFile; fileRef = 493E87FB19B228E600647553 /* InfoPlist.strings */; };
		493E87FF19B228E600647553 /* BetVictorCodingTestTests.m in Sources */ = {isa = PBXBuildFile; fileRef = 493E87FE19B228E600647553 /* BetVictorCodingTestTests.m */; };
/* End PBXBuildFile section */

/* Begin PBXContainerItemProxy section */
		493E87F619B228E600647553 /* PBXContainerItemProxy */ = {
			isa = PBXContainerItemProxy;
			containerPortal = 493E87C819B228E600647553 /* Project object */;
			proxyType = 1;
			remoteGlobalIDString = 493E87CF19B228E600647553;
			remoteInfo = BetVictorCodingTest;
		};
/* End PBXContainerItemProxy section */

/* Begin PBXFileReference section */
		4926C6B219B36C7F00F769CF /* BetVictor.xcdatamodel */ = {isa = PBXFileReference; lastKnownFileType = wrapper.xcdatamodel; path = BetVictor.xcdatamodel; sourceTree = "<group>"; };
		4926C6C519B38CFC00F769CF /* DataPreloaderUtility.sqlite */ = {isa = PBXFileReference; lastKnownFileType = file; path = DataPreloaderUtility.sqlite; sourceTree = "<group>"; };
		4926C6C819B38E8400F769CF /* CoreDataManager.h */ = {isa = PBXFileReference; fileEncoding = 4; lastKnownFileType = sourcecode.c.h; path = CoreDataManager.h; sourceTree = "<group>"; };
		4926C6C919B38E8400F769CF /* CoreDataManager.m */ = {isa = PBXFileReference; fileEncoding = 4; lastKnownFileType = sourcecode.c.objc; path = CoreDataManager.m; sourceTree = "<group>"; };
		4926C6CB19B38ED900F769CF /* CoreData.framework */ = {isa = PBXFileReference; lastKnownFileType = wrapper.framework; name = CoreData.framework; path = System/Library/Frameworks/CoreData.framework; sourceTree = SDKROOT; };
		4926C6CD19B3904800F769CF /* Image.h */ = {isa = PBXFileReference; fileEncoding = 4; lastKnownFileType = sourcecode.c.h; path = Image.h; sourceTree = "<group>"; };
		4926C6CE19B3904800F769CF /* Image.m */ = {isa = PBXFileReference; fileEncoding = 4; lastKnownFileType = sourcecode.c.objc; path = Image.m; sourceTree = "<group>"; };
		4926C6D019B398E400F769CF /* map@2x.png */ = {isa = PBXFileReference; lastKnownFileType = image.png; path = "map@2x.png"; sourceTree = "<group>"; };
		4926C6D119B398E400F769CF /* user@2x.png */ = {isa = PBXFileReference; lastKnownFileType = image.png; path = "user@2x.png"; sourceTree = "<group>"; };
		493E87D019B228E600647553 /* BetVictorCodingTest.app */ = {isa = PBXFileReference; explicitFileType = wrapper.application; includeInIndex = 0; path = BetVictorCodingTest.app; sourceTree = BUILT_PRODUCTS_DIR; };
		493E87D319B228E600647553 /* Foundation.framework */ = {isa = PBXFileReference; lastKnownFileType = wrapper.framework; name = Foundation.framework; path = System/Library/Frameworks/Foundation.framework; sourceTree = SDKROOT; };
		493E87D519B228E600647553 /* CoreGraphics.framework */ = {isa = PBXFileReference; lastKnownFileType = wrapper.framework; name = CoreGraphics.framework; path = System/Library/Frameworks/CoreGraphics.framework; sourceTree = SDKROOT; };
		493E87D719B228E600647553 /* UIKit.framework */ = {isa = PBXFileReference; lastKnownFileType = wrapper.framework; name = UIKit.framework; path = System/Library/Frameworks/UIKit.framework; sourceTree = SDKROOT; };
		493E87DB19B228E600647553 /* BetVictorCodingTest-Info.plist */ = {isa = PBXFileReference; lastKnownFileType = text.plist.xml; path = "BetVictorCodingTest-Info.plist"; sourceTree = "<group>"; };
		493E87DD19B228E600647553 /* en */ = {isa = PBXFileReference; lastKnownFileType = text.plist.strings; name = en; path = en.lproj/InfoPlist.strings; sourceTree = "<group>"; };
		493E87DF19B228E600647553 /* main.m */ = {isa = PBXFileReference; lastKnownFileType = sourcecode.c.objc; path = main.m; sourceTree = "<group>"; };
		493E87E119B228E600647553 /* BetVictorCodingTest-Prefix.pch */ = {isa = PBXFileReference; lastKnownFileType = sourcecode.c.h; path = "BetVictorCodingTest-Prefix.pch"; sourceTree = "<group>"; };
		493E87E219B228E600647553 /* AppDelegate.h */ = {isa = PBXFileReference; lastKnownFileType = sourcecode.c.h; path = AppDelegate.h; sourceTree = "<group>"; };
		493E87E319B228E600647553 /* AppDelegate.m */ = {isa = PBXFileReference; lastKnownFileType = sourcecode.c.objc; path = AppDelegate.m; sourceTree = "<group>"; };
		493E87E619B228E600647553 /* Base */ = {isa = PBXFileReference; lastKnownFileType = file.storyboard; name = Base; path = Base.lproj/Main.storyboard; sourceTree = "<group>"; };
		493E87E819B228E600647553 /* MainViewController.h */ = {isa = PBXFileReference; lastKnownFileType = sourcecode.c.h; path = MainViewController.h; sourceTree = "<group>"; };
		493E87E919B228E600647553 /* MainViewController.m */ = {isa = PBXFileReference; lastKnownFileType = sourcecode.c.objc; path = MainViewController.m; sourceTree = "<group>"; };
		493E87EB19B228E600647553 /* Images.xcassets */ = {isa = PBXFileReference; lastKnownFileType = folder.assetcatalog; path = Images.xcassets; sourceTree = "<group>"; };
		493E87F119B228E600647553 /* BetVictorCodingTestTests.xctest */ = {isa = PBXFileReference; explicitFileType = wrapper.cfbundle; includeInIndex = 0; path = BetVictorCodingTestTests.xctest; sourceTree = BUILT_PRODUCTS_DIR; };
		493E87F219B228E600647553 /* XCTest.framework */ = {isa = PBXFileReference; lastKnownFileType = wrapper.framework; name = XCTest.framework; path = Library/Frameworks/XCTest.framework; sourceTree = DEVELOPER_DIR; };
		493E87FA19B228E600647553 /* BetVictorCodingTestTests-Info.plist */ = {isa = PBXFileReference; lastKnownFileType = text.plist.xml; path = "BetVictorCodingTestTests-Info.plist"; sourceTree = "<group>"; };
		493E87FC19B228E600647553 /* en */ = {isa = PBXFileReference; lastKnownFileType = text.plist.strings; name = en; path = en.lproj/InfoPlist.strings; sourceTree = "<group>"; };
		493E87FE19B228E600647553 /* BetVictorCodingTestTests.m */ = {isa = PBXFileReference; lastKnownFileType = sourcecode.c.objc; path = BetVictorCodingTestTests.m; sourceTree = "<group>"; };
/* End PBXFileReference section */

/* Begin PBXFrameworksBuildPhase section */
		493E87CD19B228E600647553 /* Frameworks */ = {
			isa = PBXFrameworksBuildPhase;
			buildActionMask = 2147483647;
			files = (
				4926C6CC19B38ED900F769CF /* CoreData.framework in Frameworks */,
				493E87D619B228E600647553 /* CoreGraphics.framework in Frameworks */,
				493E87D819B228E600647553 /* UIKit.framework in Frameworks */,
				493E87D419B228E600647553 /* Foundation.framework in Frameworks */,
			);
			runOnlyForDeploymentPostprocessing = 0;
		};
		493E87EE19B228E600647553 /* Frameworks */ = {
			isa = PBXFrameworksBuildPhase;
			buildActionMask = 2147483647;
			files = (
				493E87F319B228E600647553 /* XCTest.framework in Frameworks */,
				493E87F519B228E600647553 /* UIKit.framework in Frameworks */,
				493E87F419B228E600647553 /* Foundation.framework in Frameworks */,
			);
			runOnlyForDeploymentPostprocessing = 0;
		};
/* End PBXFrameworksBuildPhase section */

/* Begin PBXGroup section */
		4926C6B719B36D6D00F769CF /* Model */ = {
			isa = PBXGroup;
			children = (
				4926C6CD19B3904800F769CF /* Image.h */,
				4926C6CE19B3904800F769CF /* Image.m */,
				4926C6B119B36C7F00F769CF /* BetVictor.xcdatamodeld */,
			);
			path = Model;
			sourceTree = "<group>";
		};
		4926C6B819B36D8000F769CF /* Controllers */ = {
			isa = PBXGroup;
			children = (
				493E87E819B228E600647553 /* MainViewController.h */,
				493E87E919B228E600647553 /* MainViewController.m */,
			);
			path = Controllers;
			sourceTree = "<group>";
		};
		4926C6C719B38E7100F769CF /* Manager */ = {
			isa = PBXGroup;
			children = (
				4926C6C819B38E8400F769CF /* CoreDataManager.h */,
				4926C6C919B38E8400F769CF /* CoreDataManager.m */,
			);
			path = Manager;
			sourceTree = "<group>";
		};
		493E87C719B228E600647553 = {
			isa = PBXGroup;
			children = (
				493E87D919B228E600647553 /* BetVictorCodingTest */,
				493E87F819B228E600647553 /* BetVictorCodingTestTests */,
				493E87D219B228E600647553 /* Frameworks */,
				493E87D119B228E600647553 /* Products */,
			);
			sourceTree = "<group>";
		};
		493E87D119B228E600647553 /* Products */ = {
			isa = PBXGroup;
			children = (
				493E87D019B228E600647553 /* BetVictorCodingTest.app */,
				493E87F119B228E600647553 /* BetVictorCodingTestTests.xctest */,
			);
			name = Products;
			sourceTree = "<group>";
		};
		493E87D219B228E600647553 /* Frameworks */ = {
			isa = PBXGroup;
			children = (
				4926C6CB19B38ED900F769CF /* CoreData.framework */,
				493E87D319B228E600647553 /* Foundation.framework */,
				493E87D519B228E600647553 /* CoreGraphics.framework */,
				493E87D719B228E600647553 /* UIKit.framework */,
				493E87F219B228E600647553 /* XCTest.framework */,
			);
			name = Frameworks;
			sourceTree = "<group>";
		};
		493E87D919B228E600647553 /* BetVictorCodingTest */ = {
			isa = PBXGroup;
			children = (
				4926C6D019B398E400F769CF /* map@2x.png */,
				4926C6D119B398E400F769CF /* user@2x.png */,
				4926C6C719B38E7100F769CF /* Manager */,
				493E87E219B228E600647553 /* AppDelegate.h */,
				493E87E319B228E600647553 /* AppDelegate.m */,
				493E87E519B228E600647553 /* Main.storyboard */,
				4926C6B819B36D8000F769CF /* Controllers */,
				4926C6B719B36D6D00F769CF /* Model */,
				493E87EB19B228E600647553 /* Images.xcassets */,
				493E87DA19B228E600647553 /* Supporting Files */,
			);
			path = BetVictorCodingTest;
			sourceTree = "<group>";
		};
		493E87DA19B228E600647553 /* Supporting Files */ = {
			isa = PBXGroup;
			children = (
				4926C6C519B38CFC00F769CF /* DataPreloaderUtility.sqlite */,
				493E87DB19B228E600647553 /* BetVictorCodingTest-Info.plist */,
				493E87DC19B228E600647553 /* InfoPlist.strings */,
				493E87DF19B228E600647553 /* main.m */,
				493E87E119B228E600647553 /* BetVictorCodingTest-Prefix.pch */,
			);
			path = "Supporting Files";
			sourceTree = "<group>";
		};
		493E87F819B228E600647553 /* BetVictorCodingTestTests */ = {
			isa = PBXGroup;
			children = (
				493E87FE19B228E600647553 /* BetVictorCodingTestTests.m */,
				493E87F919B228E600647553 /* Supporting Files */,
			);
			path = BetVictorCodingTestTests;
			sourceTree = "<group>";
		};
		493E87F919B228E600647553 /* Supporting Files */ = {
			isa = PBXGroup;
			children = (
				493E87FA19B228E600647553 /* BetVictorCodingTestTests-Info.plist */,
				493E87FB19B228E600647553 /* InfoPlist.strings */,
			);
			path = "Supporting Files";
			sourceTree = "<group>";
		};
/* End PBXGroup section */

/* Begin PBXNativeTarget section */
		493E87CF19B228E600647553 /* BetVictorCodingTest */ = {
			isa = PBXNativeTarget;
			buildConfigurationList = 493E880219B228E600647553 /* Build configuration list for PBXNativeTarget "BetVictorCodingTest" */;
			buildPhases = (
				493E87CC19B228E600647553 /* Sources */,
				493E87CD19B228E600647553 /* Frameworks */,
				493E87CE19B228E600647553 /* Resources */,
			);
			buildRules = (
			);
			dependencies = (
			);
			name = BetVictorCodingTest;
			productName = BetVictorCodingTest;
			productReference = 493E87D019B228E600647553 /* BetVictorCodingTest.app */;
			productType = "com.apple.product-type.application";
		};
		493E87F019B228E600647553 /* BetVictorCodingTestTests */ = {
			isa = PBXNativeTarget;
			buildConfigurationList = 493E880519B228E600647553 /* Build configuration list for PBXNativeTarget "BetVictorCodingTestTests" */;
			buildPhases = (
				493E87ED19B228E600647553 /* Sources */,
				493E87EE19B228E600647553 /* Frameworks */,
				493E87EF19B228E600647553 /* Resources */,
			);
			buildRules = (
			);
			dependencies = (
				493E87F719B228E600647553 /* PBXTargetDependency */,
			);
			name = BetVictorCodingTestTests;
			productName = BetVictorCodingTestTests;
			productReference = 493E87F119B228E600647553 /* BetVictorCodingTestTests.xctest */;
			productType = "com.apple.product-type.bundle.unit-test";
		};
/* End PBXNativeTarget section */

/* Begin PBXProject section */
		493E87C819B228E600647553 /* Project object */ = {
			isa = PBXProject;
			attributes = {
				LastUpgradeCheck = 0510;
				ORGANIZATIONNAME = "Miguel Martín-Nieto";
				TargetAttributes = {
					493E87F019B228E600647553 = {
						TestTargetID = 493E87CF19B228E600647553;
					};
				};
			};
			buildConfigurationList = 493E87CB19B228E600647553 /* Build configuration list for PBXProject "BetVictorCodingTest" */;
			compatibilityVersion = "Xcode 3.2";
			developmentRegion = English;
			hasScannedForEncodings = 0;
			knownRegions = (
				en,
				Base,
			);
			mainGroup = 493E87C719B228E600647553;
			productRefGroup = 493E87D119B228E600647553 /* Products */;
			projectDirPath = "";
			projectRoot = "";
			targets = (
				493E87CF19B228E600647553 /* BetVictorCodingTest */,
				493E87F019B228E600647553 /* BetVictorCodingTestTests */,
			);
		};
/* End PBXProject section */

/* Begin PBXResourcesBuildPhase section */
		493E87CE19B228E600647553 /* Resources */ = {
			isa = PBXResourcesBuildPhase;
			buildActionMask = 2147483647;
			files = (
				493E87EC19B228E600647553 /* Images.xcassets in Resources */,
				4926C6D219B398E400F769CF /* map@2x.png in Resources */,
				493E87DE19B228E600647553 /* InfoPlist.strings in Resources */,
				4926C6D319B398E400F769CF /* user@2x.png in Resources */,
				493E87E719B228E600647553 /* Main.storyboard in Resources */,
				4926C6C619B38CFC00F769CF /* DataPreloaderUtility.sqlite in Resources */,
			);
			runOnlyForDeploymentPostprocessing = 0;
		};
		493E87EF19B228E600647553 /* Resources */ = {
			isa = PBXResourcesBuildPhase;
			buildActionMask = 2147483647;
			files = (
				493E87FD19B228E600647553 /* InfoPlist.strings in Resources */,
			);
			runOnlyForDeploymentPostprocessing = 0;
		};
/* End PBXResourcesBuildPhase section */

/* Begin PBXSourcesBuildPhase section */
		493E87CC19B228E600647553 /* Sources */ = {
			isa = PBXSourcesBuildPhase;
			buildActionMask = 2147483647;
			files = (
				4926C6CA19B38E8400F769CF /* CoreDataManager.m in Sources */,
				4926C6B319B36C7F00F769CF /* BetVictor.xcdatamodeld in Sources */,
				493E87EA19B228E600647553 /* MainViewController.m in Sources */,
				4926C6CF19B3904800F769CF /* Image.m in Sources */,
				493E87E419B228E600647553 /* AppDelegate.m in Sources */,
				493E87E019B228E600647553 /* main.m in Sources */,
			);
			runOnlyForDeploymentPostprocessing = 0;
		};
		493E87ED19B228E600647553 /* Sources */ = {
			isa = PBXSourcesBuildPhase;
			buildActionMask = 2147483647;
			files = (
				493E87FF19B228E600647553 /* BetVictorCodingTestTests.m in Sources */,
			);
			runOnlyForDeploymentPostprocessing = 0;
		};
/* End PBXSourcesBuildPhase section */

/* Begin PBXTargetDependency section */
		493E87F719B228E600647553 /* PBXTargetDependency */ = {
			isa = PBXTargetDependency;
			target = 493E87CF19B228E600647553 /* BetVictorCodingTest */;
			targetProxy = 493E87F619B228E600647553 /* PBXContainerItemProxy */;
		};
/* End PBXTargetDependency section */

/* Begin PBXVariantGroup section */
		493E87DC19B228E600647553 /* InfoPlist.strings */ = {
			isa = PBXVariantGroup;
			children = (
				493E87DD19B228E600647553 /* en */,
			);
			name = InfoPlist.strings;
			sourceTree = "<group>";
		};
		493E87E519B228E600647553 /* Main.storyboard */ = {
			isa = PBXVariantGroup;
			children = (
				493E87E619B228E600647553 /* Base */,
			);
			name = Main.storyboard;
			sourceTree = "<group>";
		};
		493E87FB19B228E600647553 /* InfoPlist.strings */ = {
			isa = PBXVariantGroup;
			children = (
				493E87FC19B228E600647553 /* en */,
			);
			name = InfoPlist.strings;
			sourceTree = "<group>";
		};
/* End PBXVariantGroup section */

/* Begin XCBuildConfiguration section */
		493E880019B228E600647553 /* Debug */ = {
			isa = XCBuildConfiguration;
			buildSettings = {
				ALWAYS_SEARCH_USER_PATHS = NO;
				CLANG_CXX_LANGUAGE_STANDARD = "gnu++0x";
				CLANG_CXX_LIBRARY = "libc++";
				CLANG_ENABLE_MODULES = YES;
				CLANG_ENABLE_OBJC_ARC = YES;
				CLANG_WARN_BOOL_CONVERSION = YES;
				CLANG_WARN_CONSTANT_CONVERSION = YES;
				CLANG_WARN_DIRECT_OBJC_ISA_USAGE = YES_ERROR;
				CLANG_WARN_EMPTY_BODY = YES;
				CLANG_WARN_ENUM_CONVERSION = YES;
				CLANG_WARN_INT_CONVERSION = YES;
				CLANG_WARN_OBJC_ROOT_CLASS = YES_ERROR;
				CLANG_WARN__DUPLICATE_METHOD_MATCH = YES;
				"CODE_SIGN_IDENTITY[sdk=iphoneos*]" = "iPhone Developer";
				COPY_PHASE_STRIP = NO;
				GCC_C_LANGUAGE_STANDARD = gnu99;
				GCC_DYNAMIC_NO_PIC = NO;
				GCC_OPTIMIZATION_LEVEL = 0;
				GCC_PREPROCESSOR_DEFINITIONS = (
					"DEBUG=1",
					"$(inherited)",
				);
				GCC_SYMBOLS_PRIVATE_EXTERN = NO;
				GCC_WARN_64_TO_32_BIT_CONVERSION = YES;
				GCC_WARN_ABOUT_RETURN_TYPE = YES_ERROR;
				GCC_WARN_UNDECLARED_SELECTOR = YES;
				GCC_WARN_UNINITIALIZED_AUTOS = YES_AGGRESSIVE;
				GCC_WARN_UNUSED_FUNCTION = YES;
				GCC_WARN_UNUSED_VARIABLE = YES;
				IPHONEOS_DEPLOYMENT_TARGET = 7.1;
				ONLY_ACTIVE_ARCH = YES;
				SDKROOT = iphoneos;
			};
			name = Debug;
		};
		493E880119B228E600647553 /* Release */ = {
			isa = XCBuildConfiguration;
			buildSettings = {
				ALWAYS_SEARCH_USER_PATHS = NO;
				CLANG_CXX_LANGUAGE_STANDARD = "gnu++0x";
				CLANG_CXX_LIBRARY = "libc++";
				CLANG_ENABLE_MODULES = YES;
				CLANG_ENABLE_OBJC_ARC = YES;
				CLANG_WARN_BOOL_CONVERSION = YES;
				CLANG_WARN_CONSTANT_CONVERSION = YES;
				CLANG_WARN_DIRECT_OBJC_ISA_USAGE = YES_ERROR;
				CLANG_WARN_EMPTY_BODY = YES;
				CLANG_WARN_ENUM_CONVERSION = YES;
				CLANG_WARN_INT_CONVERSION = YES;
				CLANG_WARN_OBJC_ROOT_CLASS = YES_ERROR;
				CLANG_WARN__DUPLICATE_METHOD_MATCH = YES;
				"CODE_SIGN_IDENTITY[sdk=iphoneos*]" = "iPhone Developer";
				COPY_PHASE_STRIP = YES;
				ENABLE_NS_ASSERTIONS = NO;
				GCC_C_LANGUAGE_STANDARD = gnu99;
				GCC_WARN_64_TO_32_BIT_CONVERSION = YES;
				GCC_WARN_ABOUT_RETURN_TYPE = YES_ERROR;
				GCC_WARN_UNDECLARED_SELECTOR = YES;
				GCC_WARN_UNINITIALIZED_AUTOS = YES_AGGRESSIVE;
				GCC_WARN_UNUSED_FUNCTION = YES;
				GCC_WARN_UNUSED_VARIABLE = YES;
				IPHONEOS_DEPLOYMENT_TARGET = 7.1;
				SDKROOT = iphoneos;
				VALIDATE_PRODUCT = YES;
			};
			name = Release;
		};
		493E880319B228E600647553 /* Debug */ = {
			isa = XCBuildConfiguration;
			buildSettings = {
				ASSETCATALOG_COMPILER_APPICON_NAME = AppIcon;
				ASSETCATALOG_COMPILER_LAUNCHIMAGE_NAME = LaunchImage;
				GCC_PRECOMPILE_PREFIX_HEADER = YES;
				GCC_PREFIX_HEADER = "BetVictorCodingTest/Supporting Files/BetVictorCodingTest-Prefix.pch";
				INFOPLIST_FILE = "BetVictorCodingTest/Supporting Files/BetVictorCodingTest-Info.plist";
				PRODUCT_NAME = "$(TARGET_NAME)";
				WRAPPER_EXTENSION = app;
			};
			name = Debug;
		};
		493E880419B228E600647553 /* Release */ = {
			isa = XCBuildConfiguration;
			buildSettings = {
				ASSETCATALOG_COMPILER_APPICON_NAME = AppIcon;
				ASSETCATALOG_COMPILER_LAUNCHIMAGE_NAME = LaunchImage;
				GCC_PRECOMPILE_PREFIX_HEADER = YES;
				GCC_PREFIX_HEADER = "BetVictorCodingTest/Supporting Files/BetVictorCodingTest-Prefix.pch";
				INFOPLIST_FILE = "BetVictorCodingTest/Supporting Files/BetVictorCodingTest-Info.plist";
				PRODUCT_NAME = "$(TARGET_NAME)";
				WRAPPER_EXTENSION = app;
			};
			name = Release;
		};
		493E880619B228E600647553 /* Debug */ = {
			isa = XCBuildConfiguration;
			buildSettings = {
				BUNDLE_LOADER = "$(BUILT_PRODUCTS_DIR)/BetVictorCodingTest.app/BetVictorCodingTest";
				FRAMEWORK_SEARCH_PATHS = (
					"$(SDKROOT)/Developer/Library/Frameworks",
					"$(inherited)",
					"$(DEVELOPER_FRAMEWORKS_DIR)",
				);
				GCC_PRECOMPILE_PREFIX_HEADER = YES;
				GCC_PREFIX_HEADER = "BetVictorCodingTest/Supporting Files/BetVictorCodingTest-Prefix.pch";
				GCC_PREPROCESSOR_DEFINITIONS = (
					"DEBUG=1",
					"$(inherited)",
				);
				INFOPLIST_FILE = "BetVictorCodingTestTests/Supporting Files/BetVictorCodingTestTests-Info.plist";
				PRODUCT_NAME = "$(TARGET_NAME)";
				TEST_HOST = "$(BUNDLE_LOADER)";
				WRAPPER_EXTENSION = xctest;
			};
			name = Debug;
		};
		493E880719B228E600647553 /* Release */ = {
			isa = XCBuildConfiguration;
			buildSettings = {
				BUNDLE_LOADER = "$(BUILT_PRODUCTS_DIR)/BetVictorCodingTest.app/BetVictorCodingTest";
				FRAMEWORK_SEARCH_PATHS = (
					"$(SDKROOT)/Developer/Library/Frameworks",
					"$(inherited)",
					"$(DEVELOPER_FRAMEWORKS_DIR)",
				);
				GCC_PRECOMPILE_PREFIX_HEADER = YES;
				GCC_PREFIX_HEADER = "BetVictorCodingTest/Supporting Files/BetVictorCodingTest-Prefix.pch";
				INFOPLIST_FILE = "BetVictorCodingTestTests/Supporting Files/BetVictorCodingTestTests-Info.plist";
				PRODUCT_NAME = "$(TARGET_NAME)";
				TEST_HOST = "$(BUNDLE_LOADER)";
				WRAPPER_EXTENSION = xctest;
			};
			name = Release;
		};
/* End XCBuildConfiguration section */

/* Begin XCConfigurationList section */
		493E87CB19B228E600647553 /* Build configuration list for PBXProject "BetVictorCodingTest" */ = {
			isa = XCConfigurationList;
			buildConfigurations = (
				493E880019B228E600647553 /* Debug */,
				493E880119B228E600647553 /* Release */,
			);
			defaultConfigurationIsVisible = 0;
			defaultConfigurationName = Release;
		};
		493E880219B228E600647553 /* Build configuration list for PBXNativeTarget "BetVictorCodingTest" */ = {
			isa = XCConfigurationList;
			buildConfigurations = (
				493E880319B228E600647553 /* Debug */,
				493E880419B228E600647553 /* Release */,
			);
			defaultConfigurationIsVisible = 0;
			defaultConfigurationName = Release;
		};
		493E880519B228E600647553 /* Build configuration list for PBXNativeTarget "BetVictorCodingTestTests" */ = {
			isa = XCConfigurationList;
			buildConfigurations = (
				493E880619B228E600647553 /* Debug */,
				493E880719B228E600647553 /* Release */,
			);
			defaultConfigurationIsVisible = 0;
			defaultConfigurationName = Release;
		};
/* End XCConfigurationList section */

/* Begin XCVersionGroup section */
		4926C6B119B36C7F00F769CF /* BetVictor.xcdatamodeld */ = {
			isa = XCVersionGroup;
			children = (
				4926C6B219B36C7F00F769CF /* BetVictor.xcdatamodel */,
			);
			currentVersion = 4926C6B219B36C7F00F769CF /* BetVictor.xcdatamodel */;
			path = BetVictor.xcdatamodeld;
			sourceTree = "<group>";
			versionGroupType = wrapper.xcdatamodel;
		};
/* End XCVersionGroup section */
	};
	rootObject = 493E87C819B228E600647553 /* Project object */;
}
