<?xml version="1.0" encoding="UTF-8"?>
<!DOCTYPE plist PUBLIC "-//Apple//DTD PLIST 1.0//EN" "http://www.apple.com/DTDs/PropertyList-1.0.dtd">
<plist version="1.0">
<dict>
	<key>archiveVersion</key>
	<string>1</string>
	<key>classes</key>
	<dict/>
	<key>objectVersion</key>
	<string>46</string>
	<key>objects</key>
	<dict>
		<key>4926C6B119B36C7F00F769CF</key>
		<dict>
			<key>children</key>
			<array>
				<string>4926C6B219B36C7F00F769CF</string>
			</array>
			<key>currentVersion</key>
			<string>4926C6B219B36C7F00F769CF</string>
			<key>isa</key>
			<string>XCVersionGroup</string>
			<key>path</key>
			<string>BetVictor.xcdatamodeld</string>
			<key>sourceTree</key>
			<string>&lt;group&gt;</string>
			<key>versionGroupType</key>
			<string>wrapper.xcdatamodel</string>
		</dict>
		<key>4926C6B219B36C7F00F769CF</key>
		<dict>
			<key>isa</key>
			<string>PBXFileReference</string>
			<key>lastKnownFileType</key>
			<string>wrapper.xcdatamodel</string>
			<key>path</key>
			<string>BetVictor.xcdatamodel</string>
			<key>sourceTree</key>
			<string>&lt;group&gt;</string>
		</dict>
		<key>4926C6B319B36C7F00F769CF</key>
		<dict>
			<key>fileRef</key>
			<string>4926C6B119B36C7F00F769CF</string>
			<key>isa</key>
			<string>PBXBuildFile</string>
		</dict>
		<key>4926C6B719B36D6D00F769CF</key>
		<dict>
			<key>children</key>
			<array>
				<string>4926C6CD19B3904800F769CF</string>
				<string>4926C6CE19B3904800F769CF</string>
				<string>4926C6B119B36C7F00F769CF</string>
			</array>
			<key>isa</key>
			<string>PBXGroup</string>
			<key>path</key>
			<string>Model</string>
			<key>sourceTree</key>
			<string>&lt;group&gt;</string>
		</dict>
		<key>4926C6B819B36D8000F769CF</key>
		<dict>
			<key>children</key>
			<array>
				<string>493E87E819B228E600647553</string>
				<string>493E87E919B228E600647553</string>
			</array>
			<key>isa</key>
			<string>PBXGroup</string>
			<key>path</key>
			<string>Controllers</string>
			<key>sourceTree</key>
			<string>&lt;group&gt;</string>
		</dict>
		<key>4926C6C519B38CFC00F769CF</key>
		<dict>
			<key>isa</key>
			<string>PBXFileReference</string>
			<key>lastKnownFileType</key>
			<string>file</string>
			<key>path</key>
			<string>DataPreloaderUtility.sqlite</string>
			<key>sourceTree</key>
			<string>&lt;group&gt;</string>
		</dict>
		<key>4926C6C619B38CFC00F769CF</key>
		<dict>
			<key>fileRef</key>
			<string>4926C6C519B38CFC00F769CF</string>
			<key>isa</key>
			<string>PBXBuildFile</string>
		</dict>
		<key>4926C6C719B38E7100F769CF</key>
		<dict>
			<key>children</key>
			<array>
				<string>4926C6C819B38E8400F769CF</string>
				<string>4926C6C919B38E8400F769CF</string>
			</array>
			<key>isa</key>
			<string>PBXGroup</string>
			<key>name</key>
			<string>Manager</string>
			<key>path</key>
			<string>Manager</string>
			<key>sourceTree</key>
			<string>&lt;group&gt;</string>
		</dict>
		<key>4926C6C819B38E8400F769CF</key>
		<dict>
			<key>fileEncoding</key>
			<string>4</string>
			<key>isa</key>
			<string>PBXFileReference</string>
			<key>lastKnownFileType</key>
			<string>sourcecode.c.h</string>
			<key>path</key>
			<string>CoreDataManager.h</string>
			<key>sourceTree</key>
			<string>&lt;group&gt;</string>
		</dict>
		<key>4926C6C919B38E8400F769CF</key>
		<dict>
			<key>fileEncoding</key>
			<string>4</string>
			<key>isa</key>
			<string>PBXFileReference</string>
			<key>lastKnownFileType</key>
			<string>sourcecode.c.objc</string>
			<key>path</key>
			<string>CoreDataManager.m</string>
			<key>sourceTree</key>
			<string>&lt;group&gt;</string>
		</dict>
		<key>4926C6CA19B38E8400F769CF</key>
		<dict>
			<key>fileRef</key>
			<string>4926C6C919B38E8400F769CF</string>
			<key>isa</key>
			<string>PBXBuildFile</string>
		</dict>
		<key>4926C6CB19B38ED900F769CF</key>
		<dict>
			<key>isa</key>
			<string>PBXFileReference</string>
			<key>lastKnownFileType</key>
			<string>wrapper.framework</string>
			<key>name</key>
			<string>CoreData.framework</string>
			<key>path</key>
			<string>System/Library/Frameworks/CoreData.framework</string>
			<key>sourceTree</key>
			<string>SDKROOT</string>
		</dict>
		<key>4926C6CC19B38ED900F769CF</key>
		<dict>
			<key>fileRef</key>
			<string>4926C6CB19B38ED900F769CF</string>
			<key>isa</key>
			<string>PBXBuildFile</string>
		</dict>
		<key>4926C6CD19B3904800F769CF</key>
		<dict>
			<key>fileEncoding</key>
			<string>4</string>
			<key>isa</key>
			<string>PBXFileReference</string>
			<key>lastKnownFileType</key>
			<string>sourcecode.c.h</string>
			<key>path</key>
			<string>Image.h</string>
			<key>sourceTree</key>
			<string>&lt;group&gt;</string>
		</dict>
		<key>4926C6CE19B3904800F769CF</key>
		<dict>
			<key>fileEncoding</key>
			<string>4</string>
			<key>isa</key>
			<string>PBXFileReference</string>
			<key>lastKnownFileType</key>
			<string>sourcecode.c.objc</string>
			<key>path</key>
			<string>Image.m</string>
			<key>sourceTree</key>
			<string>&lt;group&gt;</string>
		</dict>
		<key>4926C6CF19B3904800F769CF</key>
		<dict>
			<key>fileRef</key>
			<string>4926C6CE19B3904800F769CF</string>
			<key>isa</key>
			<string>PBXBuildFile</string>
		</dict>
		<key>493E87C719B228E600647553</key>
		<dict>
			<key>children</key>
			<array>
				<string>493E87D919B228E600647553</string>
				<string>493E87F819B228E600647553</string>
				<string>493E87D219B228E600647553</string>
				<string>493E87D119B228E600647553</string>
			</array>
			<key>isa</key>
			<string>PBXGroup</string>
			<key>sourceTree</key>
			<string>&lt;group&gt;</string>
		</dict>
		<key>493E87C819B228E600647553</key>
		<dict>
			<key>attributes</key>
			<dict>
				<key>LastUpgradeCheck</key>
				<string>0510</string>
				<key>ORGANIZATIONNAME</key>
				<string>Miguel Mart&#237;n-Nieto</string>
				<key>TargetAttributes</key>
				<dict>
					<key>493E87F019B228E600647553</key>
					<dict>
						<key>TestTargetID</key>
						<string>493E87CF19B228E600647553</string>
					</dict>
				</dict>
			</dict>
			<key>buildConfigurationList</key>
			<string>493E87CB19B228E600647553</string>
			<key>compatibilityVersion</key>
			<string>Xcode 3.2</string>
			<key>developmentRegion</key>
			<string>English</string>
			<key>hasScannedForEncodings</key>
			<string>0</string>
			<key>isa</key>
			<string>PBXProject</string>
			<key>knownRegions</key>
			<array>
				<string>en</string>
				<string>Base</string>
			</array>
			<key>mainGroup</key>
			<string>493E87C719B228E600647553</string>
			<key>productRefGroup</key>
			<string>493E87D119B228E600647553</string>
			<key>projectDirPath</key>
			<string></string>
			<key>projectReferences</key>
			<array/>
			<key>projectRoot</key>
			<string></string>
			<key>targets</key>
			<array>
				<string>493E87CF19B228E600647553</string>
				<string>493E87F019B228E600647553</string>
			</array>
		</dict>
		<key>493E87CB19B228E600647553</key>
		<dict>
			<key>buildConfigurations</key>
			<array>
				<string>493E880019B228E600647553</string>
				<string>493E880119B228E600647553</string>
			</array>
			<key>defaultConfigurationIsVisible</key>
			<string>0</string>
			<key>defaultConfigurationName</key>
			<string>Release</string>
			<key>isa</key>
			<string>XCConfigurationList</string>
		</dict>
		<key>493E87CC19B228E600647553</key>
		<dict>
			<key>buildActionMask</key>
			<string>2147483647</string>
			<key>files</key>
			<array>
				<string>4926C6CA19B38E8400F769CF</string>
				<string>4926C6B319B36C7F00F769CF</string>
				<string>493E87EA19B228E600647553</string>
				<string>4926C6CF19B3904800F769CF</string>
				<string>493E87E419B228E600647553</string>
				<string>493E87E019B228E600647553</string>
			</array>
			<key>isa</key>
			<string>PBXSourcesBuildPhase</string>
			<key>runOnlyForDeploymentPostprocessing</key>
			<string>0</string>
		</dict>
		<key>493E87CD19B228E600647553</key>
		<dict>
			<key>buildActionMask</key>
			<string>2147483647</string>
			<key>files</key>
			<array>
				<string>4926C6CC19B38ED900F769CF</string>
				<string>493E87D619B228E600647553</string>
				<string>493E87D819B228E600647553</string>
				<string>493E87D419B228E600647553</string>
			</array>
			<key>isa</key>
			<string>PBXFrameworksBuildPhase</string>
			<key>runOnlyForDeploymentPostprocessing</key>
			<string>0</string>
		</dict>
		<key>493E87CE19B228E600647553</key>
		<dict>
			<key>buildActionMask</key>
			<string>2147483647</string>
			<key>files</key>
			<array>
				<string>493E87EC19B228E600647553</string>
				<string>493E87DE19B228E600647553</string>
				<string>493E87E719B228E600647553</string>
				<string>4926C6C619B38CFC00F769CF</string>
			</array>
			<key>isa</key>
			<string>PBXResourcesBuildPhase</string>
			<key>runOnlyForDeploymentPostprocessing</key>
			<string>0</string>
		</dict>
		<key>493E87CF19B228E600647553</key>
		<dict>
			<key>buildConfigurationList</key>
			<string>493E880219B228E600647553</string>
			<key>buildPhases</key>
			<array>
				<string>493E87CC19B228E600647553</string>
				<string>493E87CD19B228E600647553</string>
				<string>493E87CE19B228E600647553</string>
			</array>
			<key>buildRules</key>
			<array/>
			<key>dependencies</key>
			<array/>
			<key>isa</key>
			<string>PBXNativeTarget</string>
			<key>name</key>
			<string>BetVictorCodingTest</string>
			<key>productName</key>
			<string>BetVictorCodingTest</string>
			<key>productReference</key>
			<string>493E87D019B228E600647553</string>
			<key>productType</key>
			<string>com.apple.product-type.application</string>
		</dict>
		<key>493E87D019B228E600647553</key>
		<dict>
			<key>explicitFileType</key>
			<string>wrapper.application</string>
			<key>includeInIndex</key>
			<string>0</string>
			<key>isa</key>
			<string>PBXFileReference</string>
			<key>path</key>
			<string>BetVictorCodingTest.app</string>
			<key>sourceTree</key>
			<string>BUILT_PRODUCTS_DIR</string>
		</dict>
		<key>493E87D119B228E600647553</key>
		<dict>
			<key>children</key>
			<array>
				<string>493E87D019B228E600647553</string>
				<string>493E87F119B228E600647553</string>
			</array>
			<key>isa</key>
			<string>PBXGroup</string>
			<key>name</key>
			<string>Products</string>
			<key>sourceTree</key>
			<string>&lt;group&gt;</string>
		</dict>
		<key>493E87D219B228E600647553</key>
		<dict>
			<key>children</key>
			<array>
				<string>4926C6CB19B38ED900F769CF</string>
				<string>493E87D319B228E600647553</string>
				<string>493E87D519B228E600647553</string>
				<string>493E87D719B228E600647553</string>
				<string>493E87F219B228E600647553</string>
			</array>
			<key>isa</key>
			<string>PBXGroup</string>
			<key>name</key>
			<string>Frameworks</string>
			<key>sourceTree</key>
			<string>&lt;group&gt;</string>
		</dict>
		<key>493E87D319B228E600647553</key>
		<dict>
			<key>isa</key>
			<string>PBXFileReference</string>
			<key>lastKnownFileType</key>
			<string>wrapper.framework</string>
			<key>name</key>
			<string>Foundation.framework</string>
			<key>path</key>
			<string>System/Library/Frameworks/Foundation.framework</string>
			<key>sourceTree</key>
			<string>SDKROOT</string>
		</dict>
		<key>493E87D419B228E600647553</key>
		<dict>
			<key>fileRef</key>
			<string>493E87D319B228E600647553</string>
			<key>isa</key>
			<string>PBXBuildFile</string>
		</dict>
		<key>493E87D519B228E600647553</key>
		<dict>
			<key>isa</key>
			<string>PBXFileReference</string>
			<key>lastKnownFileType</key>
			<string>wrapper.framework</string>
			<key>name</key>
			<string>CoreGraphics.framework</string>
			<key>path</key>
			<string>System/Library/Frameworks/CoreGraphics.framework</string>
			<key>sourceTree</key>
			<string>SDKROOT</string>
		</dict>
		<key>493E87D619B228E600647553</key>
		<dict>
			<key>fileRef</key>
			<string>493E87D519B228E600647553</string>
			<key>isa</key>
			<string>PBXBuildFile</string>
		</dict>
		<key>493E87D719B228E600647553</key>
		<dict>
			<key>isa</key>
			<string>PBXFileReference</string>
			<key>lastKnownFileType</key>
			<string>wrapper.framework</string>
			<key>name</key>
			<string>UIKit.framework</string>
			<key>path</key>
			<string>System/Library/Frameworks/UIKit.framework</string>
			<key>sourceTree</key>
			<string>SDKROOT</string>
		</dict>
		<key>493E87D819B228E600647553</key>
		<dict>
			<key>fileRef</key>
			<string>493E87D719B228E600647553</string>
			<key>isa</key>
			<string>PBXBuildFile</string>
		</dict>
		<key>493E87D919B228E600647553</key>
		<dict>
			<key>children</key>
			<array>
				<string>4926C6C719B38E7100F769CF</string>
				<string>493E87E219B228E600647553</string>
				<string>493E87E319B228E600647553</string>
				<string>493E87E519B228E600647553</string>
				<string>4926C6B819B36D8000F769CF</string>
				<string>4926C6B719B36D6D00F769CF</string>
				<string>493E87EB19B228E600647553</string>
				<string>493E87DA19B228E600647553</string>
			</array>
			<key>isa</key>
			<string>PBXGroup</string>
			<key>path</key>
			<string>BetVictorCodingTest</string>
			<key>sourceTree</key>
			<string>&lt;group&gt;</string>
		</dict>
		<key>493E87DA19B228E600647553</key>
		<dict>
			<key>children</key>
			<array>
				<string>4926C6C519B38CFC00F769CF</string>
				<string>493E87DB19B228E600647553</string>
				<string>493E87DC19B228E600647553</string>
				<string>493E87DF19B228E600647553</string>
				<string>493E87E119B228E600647553</string>
			</array>
			<key>isa</key>
			<string>PBXGroup</string>
			<key>path</key>
			<string>Supporting Files</string>
			<key>sourceTree</key>
			<string>&lt;group&gt;</string>
		</dict>
		<key>493E87DB19B228E600647553</key>
		<dict>
			<key>isa</key>
			<string>PBXFileReference</string>
			<key>lastKnownFileType</key>
			<string>text.plist.xml</string>
			<key>path</key>
			<string>BetVictorCodingTest-Info.plist</string>
			<key>sourceTree</key>
			<string>&lt;group&gt;</string>
		</dict>
		<key>493E87DC19B228E600647553</key>
		<dict>
			<key>children</key>
			<array>
				<string>493E87DD19B228E600647553</string>
			</array>
			<key>isa</key>
			<string>PBXVariantGroup</string>
			<key>name</key>
			<string>InfoPlist.strings</string>
			<key>sourceTree</key>
			<string>&lt;group&gt;</string>
		</dict>
		<key>493E87DD19B228E600647553</key>
		<dict>
			<key>isa</key>
			<string>PBXFileReference</string>
			<key>lastKnownFileType</key>
			<string>text.plist.strings</string>
			<key>name</key>
			<string>en</string>
			<key>path</key>
			<string>en.lproj/InfoPlist.strings</string>
			<key>sourceTree</key>
			<string>&lt;group&gt;</string>
		</dict>
		<key>493E87DE19B228E600647553</key>
		<dict>
			<key>fileRef</key>
			<string>493E87DC19B228E600647553</string>
			<key>isa</key>
			<string>PBXBuildFile</string>
		</dict>
		<key>493E87DF19B228E600647553</key>
		<dict>
			<key>isa</key>
			<string>PBXFileReference</string>
			<key>lastKnownFileType</key>
			<string>sourcecode.c.objc</string>
			<key>path</key>
			<string>main.m</string>
			<key>sourceTree</key>
			<string>&lt;group&gt;</string>
		</dict>
		<key>493E87E019B228E600647553</key>
		<dict>
			<key>fileRef</key>
			<string>493E87DF19B228E600647553</string>
			<key>isa</key>
			<string>PBXBuildFile</string>
		</dict>
		<key>493E87E119B228E600647553</key>
		<dict>
			<key>isa</key>
			<string>PBXFileReference</string>
			<key>lastKnownFileType</key>
			<string>sourcecode.c.h</string>
			<key>path</key>
			<string>BetVictorCodingTest-Prefix.pch</string>
			<key>sourceTree</key>
			<string>&lt;group&gt;</string>
		</dict>
		<key>493E87E219B228E600647553</key>
		<dict>
			<key>isa</key>
			<string>PBXFileReference</string>
			<key>lastKnownFileType</key>
			<string>sourcecode.c.h</string>
			<key>path</key>
			<string>AppDelegate.h</string>
			<key>sourceTree</key>
			<string>&lt;group&gt;</string>
		</dict>
		<key>493E87E319B228E600647553</key>
		<dict>
			<key>isa</key>
			<string>PBXFileReference</string>
			<key>lastKnownFileType</key>
			<string>sourcecode.c.objc</string>
			<key>path</key>
			<string>AppDelegate.m</string>
			<key>sourceTree</key>
			<string>&lt;group&gt;</string>
		</dict>
		<key>493E87E419B228E600647553</key>
		<dict>
			<key>fileRef</key>
			<string>493E87E319B228E600647553</string>
			<key>isa</key>
			<string>PBXBuildFile</string>
		</dict>
		<key>493E87E519B228E600647553</key>
		<dict>
			<key>children</key>
			<array>
				<string>493E87E619B228E600647553</string>
			</array>
			<key>isa</key>
			<string>PBXVariantGroup</string>
			<key>name</key>
			<string>Main.storyboard</string>
			<key>sourceTree</key>
			<string>&lt;group&gt;</string>
		</dict>
		<key>493E87E619B228E600647553</key>
		<dict>
			<key>isa</key>
			<string>PBXFileReference</string>
			<key>lastKnownFileType</key>
			<string>file.storyboard</string>
			<key>name</key>
			<string>Base</string>
			<key>path</key>
			<string>Base.lproj/Main.storyboard</string>
			<key>sourceTree</key>
			<string>&lt;group&gt;</string>
		</dict>
		<key>493E87E719B228E600647553</key>
		<dict>
			<key>fileRef</key>
			<string>493E87E519B228E600647553</string>
			<key>isa</key>
			<string>PBXBuildFile</string>
		</dict>
		<key>493E87E819B228E600647553</key>
		<dict>
			<key>isa</key>
			<string>PBXFileReference</string>
			<key>lastKnownFileType</key>
			<string>sourcecode.c.h</string>
			<key>path</key>
			<string>ViewController.h</string>
			<key>sourceTree</key>
			<string>&lt;group&gt;</string>
		</dict>
		<key>493E87E919B228E600647553</key>
		<dict>
			<key>isa</key>
			<string>PBXFileReference</string>
			<key>lastKnownFileType</key>
			<string>sourcecode.c.objc</string>
			<key>path</key>
			<string>ViewController.m</string>
			<key>sourceTree</key>
			<string>&lt;group&gt;</string>
		</dict>
		<key>493E87EA19B228E600647553</key>
		<dict>
			<key>fileRef</key>
			<string>493E87E919B228E600647553</string>
			<key>isa</key>
			<string>PBXBuildFile</string>
		</dict>
		<key>493E87EB19B228E600647553</key>
		<dict>
			<key>isa</key>
			<string>PBXFileReference</string>
			<key>lastKnownFileType</key>
			<string>folder.assetcatalog</string>
			<key>path</key>
			<string>Images.xcassets</string>
			<key>sourceTree</key>
			<string>&lt;group&gt;</string>
		</dict>
		<key>493E87EC19B228E600647553</key>
		<dict>
			<key>fileRef</key>
			<string>493E87EB19B228E600647553</string>
			<key>isa</key>
			<string>PBXBuildFile</string>
		</dict>
		<key>493E87ED19B228E600647553</key>
		<dict>
			<key>buildActionMask</key>
			<string>2147483647</string>
			<key>files</key>
			<array>
				<string>493E87FF19B228E600647553</string>
			</array>
			<key>isa</key>
			<string>PBXSourcesBuildPhase</string>
			<key>runOnlyForDeploymentPostprocessing</key>
			<string>0</string>
		</dict>
		<key>493E87EE19B228E600647553</key>
		<dict>
			<key>buildActionMask</key>
			<string>2147483647</string>
			<key>files</key>
			<array>
				<string>493E87F319B228E600647553</string>
				<string>493E87F519B228E600647553</string>
				<string>493E87F419B228E600647553</string>
			</array>
			<key>isa</key>
			<string>PBXFrameworksBuildPhase</string>
			<key>runOnlyForDeploymentPostprocessing</key>
			<string>0</string>
		</dict>
		<key>493E87EF19B228E600647553</key>
		<dict>
			<key>buildActionMask</key>
			<string>2147483647</string>
			<key>files</key>
			<array>
				<string>493E87FD19B228E600647553</string>
			</array>
			<key>isa</key>
			<string>PBXResourcesBuildPhase</string>
			<key>runOnlyForDeploymentPostprocessing</key>
			<string>0</string>
		</dict>
		<key>493E87F019B228E600647553</key>
		<dict>
			<key>buildConfigurationList</key>
			<string>493E880519B228E600647553</string>
			<key>buildPhases</key>
			<array>
				<string>493E87ED19B228E600647553</string>
				<string>493E87EE19B228E600647553</string>
				<string>493E87EF19B228E600647553</string>
			</array>
			<key>buildRules</key>
			<array/>
			<key>dependencies</key>
			<array>
				<string>493E87F719B228E600647553</string>
			</array>
			<key>isa</key>
			<string>PBXNativeTarget</string>
			<key>name</key>
			<string>BetVictorCodingTestTests</string>
			<key>productName</key>
			<string>BetVictorCodingTestTests</string>
			<key>productReference</key>
			<string>493E87F119B228E600647553</string>
			<key>productType</key>
			<string>com.apple.product-type.bundle.unit-test</string>
		</dict>
		<key>493E87F119B228E600647553</key>
		<dict>
			<key>explicitFileType</key>
			<string>wrapper.cfbundle</string>
			<key>includeInIndex</key>
			<string>0</string>
			<key>isa</key>
			<string>PBXFileReference</string>
			<key>path</key>
			<string>BetVictorCodingTestTests.xctest</string>
			<key>sourceTree</key>
			<string>BUILT_PRODUCTS_DIR</string>
		</dict>
		<key>493E87F219B228E600647553</key>
		<dict>
			<key>isa</key>
			<string>PBXFileReference</string>
			<key>lastKnownFileType</key>
			<string>wrapper.framework</string>
			<key>name</key>
			<string>XCTest.framework</string>
			<key>path</key>
			<string>Library/Frameworks/XCTest.framework</string>
			<key>sourceTree</key>
			<string>DEVELOPER_DIR</string>
		</dict>
		<key>493E87F319B228E600647553</key>
		<dict>
			<key>fileRef</key>
			<string>493E87F219B228E600647553</string>
			<key>isa</key>
			<string>PBXBuildFile</string>
		</dict>
		<key>493E87F419B228E600647553</key>
		<dict>
			<key>fileRef</key>
			<string>493E87D319B228E600647553</string>
			<key>isa</key>
			<string>PBXBuildFile</string>
		</dict>
		<key>493E87F519B228E600647553</key>
		<dict>
			<key>fileRef</key>
			<string>493E87D719B228E600647553</string>
			<key>isa</key>
			<string>PBXBuildFile</string>
		</dict>
		<key>493E87F619B228E600647553</key>
		<dict>
			<key>containerPortal</key>
			<string>493E87C819B228E600647553</string>
			<key>isa</key>
			<string>PBXContainerItemProxy</string>
			<key>proxyType</key>
			<string>1</string>
			<key>remoteGlobalIDString</key>
			<string>493E87CF19B228E600647553</string>
			<key>remoteInfo</key>
			<string>BetVictorCodingTest</string>
		</dict>
		<key>493E87F719B228E600647553</key>
		<dict>
			<key>isa</key>
			<string>PBXTargetDependency</string>
			<key>target</key>
			<string>493E87CF19B228E600647553</string>
			<key>targetProxy</key>
			<string>493E87F619B228E600647553</string>
		</dict>
		<key>493E87F819B228E600647553</key>
		<dict>
			<key>children</key>
			<array>
				<string>493E87FE19B228E600647553</string>
				<string>493E87F919B228E600647553</string>
			</array>
			<key>isa</key>
			<string>PBXGroup</string>
			<key>path</key>
			<string>BetVictorCodingTestTests</string>
			<key>sourceTree</key>
			<string>&lt;group&gt;</string>
		</dict>
		<key>493E87F919B228E600647553</key>
		<dict>
			<key>children</key>
			<array>
				<string>493E87FA19B228E600647553</string>
				<string>493E87FB19B228E600647553</string>
			</array>
			<key>isa</key>
			<string>PBXGroup</string>
			<key>path</key>
			<string>Supporting Files</string>
			<key>sourceTree</key>
			<string>&lt;group&gt;</string>
		</dict>
		<key>493E87FA19B228E600647553</key>
		<dict>
			<key>isa</key>
			<string>PBXFileReference</string>
			<key>lastKnownFileType</key>
			<string>text.plist.xml</string>
			<key>path</key>
			<string>BetVictorCodingTestTests-Info.plist</string>
			<key>sourceTree</key>
			<string>&lt;group&gt;</string>
		</dict>
		<key>493E87FB19B228E600647553</key>
		<dict>
			<key>children</key>
			<array>
				<string>493E87FC19B228E600647553</string>
			</array>
			<key>isa</key>
			<string>PBXVariantGroup</string>
			<key>name</key>
			<string>InfoPlist.strings</string>
			<key>sourceTree</key>
			<string>&lt;group&gt;</string>
		</dict>
		<key>493E87FC19B228E600647553</key>
		<dict>
			<key>isa</key>
			<string>PBXFileReference</string>
			<key>lastKnownFileType</key>
			<string>text.plist.strings</string>
			<key>name</key>
			<string>en</string>
			<key>path</key>
			<string>en.lproj/InfoPlist.strings</string>
			<key>sourceTree</key>
			<string>&lt;group&gt;</string>
		</dict>
		<key>493E87FD19B228E600647553</key>
		<dict>
			<key>fileRef</key>
			<string>493E87FB19B228E600647553</string>
			<key>isa</key>
			<string>PBXBuildFile</string>
		</dict>
		<key>493E87FE19B228E600647553</key>
		<dict>
			<key>isa</key>
			<string>PBXFileReference</string>
			<key>lastKnownFileType</key>
			<string>sourcecode.c.objc</string>
			<key>path</key>
			<string>BetVictorCodingTestTests.m</string>
			<key>sourceTree</key>
			<string>&lt;group&gt;</string>
		</dict>
		<key>493E87FF19B228E600647553</key>
		<dict>
			<key>fileRef</key>
			<string>493E87FE19B228E600647553</string>
			<key>isa</key>
			<string>PBXBuildFile</string>
		</dict>
		<key>493E880019B228E600647553</key>
		<dict>
			<key>buildSettings</key>
			<dict>
				<key>ALWAYS_SEARCH_USER_PATHS</key>
				<string>NO</string>
				<key>CLANG_CXX_LANGUAGE_STANDARD</key>
				<string>gnu++0x</string>
				<key>CLANG_CXX_LIBRARY</key>
				<string>libc++</string>
				<key>CLANG_ENABLE_MODULES</key>
				<string>YES</string>
				<key>CLANG_ENABLE_OBJC_ARC</key>
				<string>YES</string>
				<key>CLANG_WARN_BOOL_CONVERSION</key>
				<string>YES</string>
				<key>CLANG_WARN_CONSTANT_CONVERSION</key>
				<string>YES</string>
				<key>CLANG_WARN_DIRECT_OBJC_ISA_USAGE</key>
				<string>YES_ERROR</string>
				<key>CLANG_WARN_EMPTY_BODY</key>
				<string>YES</string>
				<key>CLANG_WARN_ENUM_CONVERSION</key>
				<string>YES</string>
				<key>CLANG_WARN_INT_CONVERSION</key>
				<string>YES</string>
				<key>CLANG_WARN_OBJC_ROOT_CLASS</key>
				<string>YES_ERROR</string>
				<key>CLANG_WARN__DUPLICATE_METHOD_MATCH</key>
				<string>YES</string>
				<key>CODE_SIGN_IDENTITY[sdk=iphoneos*]</key>
				<string>iPhone Developer</string>
				<key>COPY_PHASE_STRIP</key>
				<string>NO</string>
				<key>GCC_C_LANGUAGE_STANDARD</key>
				<string>gnu99</string>
				<key>GCC_DYNAMIC_NO_PIC</key>
				<string>NO</string>
				<key>GCC_OPTIMIZATION_LEVEL</key>
				<string>0</string>
				<key>GCC_PREPROCESSOR_DEFINITIONS</key>
				<array>
					<string>DEBUG=1</string>
					<string>$(inherited)</string>
				</array>
				<key>GCC_SYMBOLS_PRIVATE_EXTERN</key>
				<string>NO</string>
				<key>GCC_WARN_64_TO_32_BIT_CONVERSION</key>
				<string>YES</string>
				<key>GCC_WARN_ABOUT_RETURN_TYPE</key>
				<string>YES_ERROR</string>
				<key>GCC_WARN_UNDECLARED_SELECTOR</key>
				<string>YES</string>
				<key>GCC_WARN_UNINITIALIZED_AUTOS</key>
				<string>YES_AGGRESSIVE</string>
				<key>GCC_WARN_UNUSED_FUNCTION</key>
				<string>YES</string>
				<key>GCC_WARN_UNUSED_VARIABLE</key>
				<string>YES</string>
				<key>IPHONEOS_DEPLOYMENT_TARGET</key>
				<string>7.1</string>
				<key>ONLY_ACTIVE_ARCH</key>
				<string>YES</string>
				<key>SDKROOT</key>
				<string>iphoneos</string>
			</dict>
			<key>isa</key>
			<string>XCBuildConfiguration</string>
			<key>name</key>
			<string>Debug</string>
		</dict>
		<key>493E880119B228E600647553</key>
		<dict>
			<key>buildSettings</key>
			<dict>
				<key>ALWAYS_SEARCH_USER_PATHS</key>
				<string>NO</string>
				<key>CLANG_CXX_LANGUAGE_STANDARD</key>
				<string>gnu++0x</string>
				<key>CLANG_CXX_LIBRARY</key>
				<string>libc++</string>
				<key>CLANG_ENABLE_MODULES</key>
				<string>YES</string>
				<key>CLANG_ENABLE_OBJC_ARC</key>
				<string>YES</string>
				<key>CLANG_WARN_BOOL_CONVERSION</key>
				<string>YES</string>
				<key>CLANG_WARN_CONSTANT_CONVERSION</key>
				<string>YES</string>
				<key>CLANG_WARN_DIRECT_OBJC_ISA_USAGE</key>
				<string>YES_ERROR</string>
				<key>CLANG_WARN_EMPTY_BODY</key>
				<string>YES</string>
				<key>CLANG_WARN_ENUM_CONVERSION</key>
				<string>YES</string>
				<key>CLANG_WARN_INT_CONVERSION</key>
				<string>YES</string>
				<key>CLANG_WARN_OBJC_ROOT_CLASS</key>
				<string>YES_ERROR</string>
				<key>CLANG_WARN__DUPLICATE_METHOD_MATCH</key>
				<string>YES</string>
				<key>CODE_SIGN_IDENTITY[sdk=iphoneos*]</key>
				<string>iPhone Developer</string>
				<key>COPY_PHASE_STRIP</key>
				<string>YES</string>
				<key>ENABLE_NS_ASSERTIONS</key>
				<string>NO</string>
				<key>GCC_C_LANGUAGE_STANDARD</key>
				<string>gnu99</string>
				<key>GCC_WARN_64_TO_32_BIT_CONVERSION</key>
				<string>YES</string>
				<key>GCC_WARN_ABOUT_RETURN_TYPE</key>
				<string>YES_ERROR</string>
				<key>GCC_WARN_UNDECLARED_SELECTOR</key>
				<string>YES</string>
				<key>GCC_WARN_UNINITIALIZED_AUTOS</key>
				<string>YES_AGGRESSIVE</string>
				<key>GCC_WARN_UNUSED_FUNCTION</key>
				<string>YES</string>
				<key>GCC_WARN_UNUSED_VARIABLE</key>
				<string>YES</string>
				<key>IPHONEOS_DEPLOYMENT_TARGET</key>
				<string>7.1</string>
				<key>SDKROOT</key>
				<string>iphoneos</string>
				<key>VALIDATE_PRODUCT</key>
				<string>YES</string>
			</dict>
			<key>isa</key>
			<string>XCBuildConfiguration</string>
			<key>name</key>
			<string>Release</string>
		</dict>
		<key>493E880219B228E600647553</key>
		<dict>
			<key>buildConfigurations</key>
			<array>
				<string>493E880319B228E600647553</string>
				<string>493E880419B228E600647553</string>
			</array>
			<key>defaultConfigurationIsVisible</key>
			<string>0</string>
			<key>defaultConfigurationName</key>
			<string>Release</string>
			<key>isa</key>
			<string>XCConfigurationList</string>
		</dict>
		<key>493E880319B228E600647553</key>
		<dict>
			<key>buildSettings</key>
			<dict>
				<key>ASSETCATALOG_COMPILER_APPICON_NAME</key>
				<string>AppIcon</string>
				<key>ASSETCATALOG_COMPILER_LAUNCHIMAGE_NAME</key>
				<string>LaunchImage</string>
				<key>GCC_PRECOMPILE_PREFIX_HEADER</key>
				<string>YES</string>
				<key>GCC_PREFIX_HEADER</key>
				<string>BetVictorCodingTest/Supporting Files/BetVictorCodingTest-Prefix.pch</string>
				<key>INFOPLIST_FILE</key>
				<string>BetVictorCodingTest/Supporting Files/BetVictorCodingTest-Info.plist</string>
				<key>PRODUCT_NAME</key>
				<string>$(TARGET_NAME)</string>
				<key>WRAPPER_EXTENSION</key>
				<string>app</string>
			</dict>
			<key>isa</key>
			<string>XCBuildConfiguration</string>
			<key>name</key>
			<string>Debug</string>
		</dict>
		<key>493E880419B228E600647553</key>
		<dict>
			<key>buildSettings</key>
			<dict>
				<key>ASSETCATALOG_COMPILER_APPICON_NAME</key>
				<string>AppIcon</string>
				<key>ASSETCATALOG_COMPILER_LAUNCHIMAGE_NAME</key>
				<string>LaunchImage</string>
				<key>GCC_PRECOMPILE_PREFIX_HEADER</key>
				<string>YES</string>
				<key>GCC_PREFIX_HEADER</key>
				<string>BetVictorCodingTest/Supporting Files/BetVictorCodingTest-Prefix.pch</string>
				<key>INFOPLIST_FILE</key>
				<string>BetVictorCodingTest/Supporting Files/BetVictorCodingTest-Info.plist</string>
				<key>PRODUCT_NAME</key>
				<string>$(TARGET_NAME)</string>
				<key>WRAPPER_EXTENSION</key>
				<string>app</string>
			</dict>
			<key>isa</key>
			<string>XCBuildConfiguration</string>
			<key>name</key>
			<string>Release</string>
		</dict>
		<key>493E880519B228E600647553</key>
		<dict>
			<key>buildConfigurations</key>
			<array>
				<string>493E880619B228E600647553</string>
				<string>493E880719B228E600647553</string>
			</array>
			<key>defaultConfigurationIsVisible</key>
			<string>0</string>
			<key>defaultConfigurationName</key>
			<string>Release</string>
			<key>isa</key>
			<string>XCConfigurationList</string>
		</dict>
		<key>493E880619B228E600647553</key>
		<dict>
			<key>buildSettings</key>
			<dict>
				<key>BUNDLE_LOADER</key>
				<string>$(BUILT_PRODUCTS_DIR)/BetVictorCodingTest.app/BetVictorCodingTest</string>
				<key>FRAMEWORK_SEARCH_PATHS</key>
				<array>
					<string>$(SDKROOT)/Developer/Library/Frameworks</string>
					<string>$(inherited)</string>
					<string>$(DEVELOPER_FRAMEWORKS_DIR)</string>
				</array>
				<key>GCC_PRECOMPILE_PREFIX_HEADER</key>
				<string>YES</string>
				<key>GCC_PREFIX_HEADER</key>
				<string>BetVictorCodingTest/Supporting Files/BetVictorCodingTest-Prefix.pch</string>
				<key>GCC_PREPROCESSOR_DEFINITIONS</key>
				<array>
					<string>DEBUG=1</string>
					<string>$(inherited)</string>
				</array>
				<key>INFOPLIST_FILE</key>
				<string>BetVictorCodingTestTests/Supporting Files/BetVictorCodingTestTests-Info.plist</string>
				<key>PRODUCT_NAME</key>
				<string>$(TARGET_NAME)</string>
				<key>TEST_HOST</key>
				<string>$(BUNDLE_LOADER)</string>
				<key>WRAPPER_EXTENSION</key>
				<string>xctest</string>
			</dict>
			<key>isa</key>
			<string>XCBuildConfiguration</string>
			<key>name</key>
			<string>Debug</string>
		</dict>
		<key>493E880719B228E600647553</key>
		<dict>
			<key>buildSettings</key>
			<dict>
				<key>BUNDLE_LOADER</key>
				<string>$(BUILT_PRODUCTS_DIR)/BetVictorCodingTest.app/BetVictorCodingTest</string>
				<key>FRAMEWORK_SEARCH_PATHS</key>
				<array>
					<string>$(SDKROOT)/Developer/Library/Frameworks</string>
					<string>$(inherited)</string>
					<string>$(DEVELOPER_FRAMEWORKS_DIR)</string>
				</array>
				<key>GCC_PRECOMPILE_PREFIX_HEADER</key>
				<string>YES</string>
				<key>GCC_PREFIX_HEADER</key>
				<string>BetVictorCodingTest/Supporting Files/BetVictorCodingTest-Prefix.pch</string>
				<key>INFOPLIST_FILE</key>
				<string>BetVictorCodingTestTests/Supporting Files/BetVictorCodingTestTests-Info.plist</string>
				<key>PRODUCT_NAME</key>
				<string>$(TARGET_NAME)</string>
				<key>TEST_HOST</key>
				<string>$(BUNDLE_LOADER)</string>
				<key>WRAPPER_EXTENSION</key>
				<string>xctest</string>
			</dict>
			<key>isa</key>
			<string>XCBuildConfiguration</string>
			<key>name</key>
			<string>Release</string>
		</dict>
	</dict>
	<key>rootObject</key>
	<string>493E87C819B228E600647553</string>
</dict>
</plist>
